
Microsoft Visual Studio Solution File, Format Version 12.00
# Visual Studio Version 17
VisualStudioVersion = 17.9.34723.18
MinimumVisualStudioVersion = 10.0.40219.1
Project("{FAE04EC0-301F-11D3-BF4B-00C04F79EFBC}") = "SPAgame.Server", "SPAgame.Server\SPAgame.Server.csproj", "{FA5B28BE-5D8A-44F2-83B7-257472B604BA}"
EndProject
Project("{54A90642-561A-4BB1-A94E-469ADEE60C69}") = "spagame.client", "spagame.client\spagame.client.esproj", "{7A23CAAB-C5D0-49CD-B532-3D8EC59EFA13}"
EndProject
Global
	GlobalSection(SolutionConfigurationPlatforms) = preSolution
		Debug|Any CPU = Debug|Any CPU
		Release|Any CPU = Release|Any CPU
	EndGlobalSection
	GlobalSection(ProjectConfigurationPlatforms) = postSolution
		{FA5B28BE-5D8A-44F2-83B7-257472B604BA}.Debug|Any CPU.ActiveCfg = Debug|Any CPU
		{FA5B28BE-5D8A-44F2-83B7-257472B604BA}.Debug|Any CPU.Build.0 = Debug|Any CPU
		{FA5B28BE-5D8A-44F2-83B7-257472B604BA}.Release|Any CPU.ActiveCfg = Release|Any CPU
		{FA5B28BE-5D8A-44F2-83B7-257472B604BA}.Release|Any CPU.Build.0 = Release|Any CPU
		{7A23CAAB-C5D0-49CD-B532-3D8EC59EFA13}.Debug|Any CPU.ActiveCfg = Debug|Any CPU
		{7A23CAAB-C5D0-49CD-B532-3D8EC59EFA13}.Debug|Any CPU.Build.0 = Debug|Any CPU
		{7A23CAAB-C5D0-49CD-B532-3D8EC59EFA13}.Debug|Any CPU.Deploy.0 = Debug|Any CPU
		{7A23CAAB-C5D0-49CD-B532-3D8EC59EFA13}.Release|Any CPU.ActiveCfg = Release|Any CPU
		{7A23CAAB-C5D0-49CD-B532-3D8EC59EFA13}.Release|Any CPU.Build.0 = Release|Any CPU
		{7A23CAAB-C5D0-49CD-B532-3D8EC59EFA13}.Release|Any CPU.Deploy.0 = Release|Any CPU
	EndGlobalSection
	GlobalSection(SolutionProperties) = preSolution
		HideSolutionNode = FALSE
	EndGlobalSection
	GlobalSection(ExtensibilityGlobals) = postSolution
		SolutionGuid = {BAA0FBC7-D27B-4608-BE3F-9FFBCC344E93}
	EndGlobalSection
EndGlobal
